// !$*UTF8*$!
{
	archiveVersion = 1;
	classes = {
	};
	objectVersion = 56;
	objects = {

/* Begin PBXBuildFile section */
		00D0F50C2B6C4F6A00E3B04B /* messengerApp.swift in Sources */ = {isa = PBXBuildFile; fileRef = 00D0F50B2B6C4F6A00E3B04B /* messengerApp.swift */; };
		00D0F50E2B6C4F6A00E3B04B /* ContentView.swift in Sources */ = {isa = PBXBuildFile; fileRef = 00D0F50D2B6C4F6A00E3B04B /* ContentView.swift */; };
		00D0F5102B6C4F6C00E3B04B /* Assets.xcassets in Resources */ = {isa = PBXBuildFile; fileRef = 00D0F50F2B6C4F6C00E3B04B /* Assets.xcassets */; };
		00D0F5132B6C4F6C00E3B04B /* Preview Assets.xcassets in Resources */ = {isa = PBXBuildFile; fileRef = 00D0F5122B6C4F6C00E3B04B /* Preview Assets.xcassets */; };
		00D0F51D2B6C4F6C00E3B04B /* messengerTests.swift in Sources */ = {isa = PBXBuildFile; fileRef = 00D0F51C2B6C4F6C00E3B04B /* messengerTests.swift */; };
		00D0F5272B6C4F6C00E3B04B /* messengerUITests.swift in Sources */ = {isa = PBXBuildFile; fileRef = 00D0F5262B6C4F6C00E3B04B /* messengerUITests.swift */; };
		00D0F5292B6C4F6C00E3B04B /* messengerUITestsLaunchTests.swift in Sources */ = {isa = PBXBuildFile; fileRef = 00D0F5282B6C4F6C00E3B04B /* messengerUITestsLaunchTests.swift */; };
/* End PBXBuildFile section */

/* Begin PBXContainerItemProxy section */
		00D0F5192B6C4F6C00E3B04B /* PBXContainerItemProxy */ = {
			isa = PBXContainerItemProxy;
			containerPortal = 00D0F5002B6C4F6A00E3B04B /* Project object */;
			proxyType = 1;
			remoteGlobalIDString = 00D0F5072B6C4F6A00E3B04B;
			remoteInfo = messenger;
		};
		00D0F5232B6C4F6C00E3B04B /* PBXContainerItemProxy */ = {
			isa = PBXContainerItemProxy;
			containerPortal = 00D0F5002B6C4F6A00E3B04B /* Project object */;
			proxyType = 1;
			remoteGlobalIDString = 00D0F5072B6C4F6A00E3B04B;
			remoteInfo = messenger;
		};
/* End PBXContainerItemProxy section */

/* Begin PBXFileReference section */
		00D0F5082B6C4F6A00E3B04B /* messenger.app */ = {isa = PBXFileReference; explicitFileType = wrapper.application; includeInIndex = 0; path = messenger.app; sourceTree = BUILT_PRODUCTS_DIR; };
		00D0F50B2B6C4F6A00E3B04B /* messengerApp.swift */ = {isa = PBXFileReference; lastKnownFileType = sourcecode.swift; path = messengerApp.swift; sourceTree = "<group>"; };
		00D0F50D2B6C4F6A00E3B04B /* ContentView.swift */ = {isa = PBXFileReference; lastKnownFileType = sourcecode.swift; path = ContentView.swift; sourceTree = "<group>"; };
		00D0F50F2B6C4F6C00E3B04B /* Assets.xcassets */ = {isa = PBXFileReference; lastKnownFileType = folder.assetcatalog; path = Assets.xcassets; sourceTree = "<group>"; };
		00D0F5122B6C4F6C00E3B04B /* Preview Assets.xcassets */ = {isa = PBXFileReference; lastKnownFileType = folder.assetcatalog; path = "Preview Assets.xcassets"; sourceTree = "<group>"; };
		00D0F5182B6C4F6C00E3B04B /* messengerTests.xctest */ = {isa = PBXFileReference; explicitFileType = wrapper.cfbundle; includeInIndex = 0; path = messengerTests.xctest; sourceTree = BUILT_PRODUCTS_DIR; };
		00D0F51C2B6C4F6C00E3B04B /* messengerTests.swift */ = {isa = PBXFileReference; lastKnownFileType = sourcecode.swift; path = messengerTests.swift; sourceTree = "<group>"; };
		00D0F5222B6C4F6C00E3B04B /* messengerUITests.xctest */ = {isa = PBXFileReference; explicitFileType = wrapper.cfbundle; includeInIndex = 0; path = messengerUITests.xctest; sourceTree = BUILT_PRODUCTS_DIR; };
		00D0F5262B6C4F6C00E3B04B /* messengerUITests.swift */ = {isa = PBXFileReference; lastKnownFileType = sourcecode.swift; path = messengerUITests.swift; sourceTree = "<group>"; };
		00D0F5282B6C4F6C00E3B04B /* messengerUITestsLaunchTests.swift */ = {isa = PBXFileReference; lastKnownFileType = sourcecode.swift; path = messengerUITestsLaunchTests.swift; sourceTree = "<group>"; };
/* End PBXFileReference section */

/* Begin PBXFrameworksBuildPhase section */
		00D0F5052B6C4F6A00E3B04B /* Frameworks */ = {
			isa = PBXFrameworksBuildPhase;
			buildActionMask = 2147483647;
			files = (
			);
			runOnlyForDeploymentPostprocessing = 0;
		};
		00D0F5152B6C4F6C00E3B04B /* Frameworks */ = {
			isa = PBXFrameworksBuildPhase;
			buildActionMask = 2147483647;
			files = (
			);
			runOnlyForDeploymentPostprocessing = 0;
		};
		00D0F51F2B6C4F6C00E3B04B /* Frameworks */ = {
			isa = PBXFrameworksBuildPhase;
			buildActionMask = 2147483647;
			files = (
			);
			runOnlyForDeploymentPostprocessing = 0;
		};
/* End PBXFrameworksBuildPhase section */

/* Begin PBXGroup section */
		00D0F4FF2B6C4F6A00E3B04B = {
			isa = PBXGroup;
			children = (
				00D0F50A2B6C4F6A00E3B04B /* messenger */,
				00D0F51B2B6C4F6C00E3B04B /* messengerTests */,
				00D0F5252B6C4F6C00E3B04B /* messengerUITests */,
				00D0F5092B6C4F6A00E3B04B /* Products */,
			);
			sourceTree = "<group>";
		};
		00D0F5092B6C4F6A00E3B04B /* Products */ = {
			isa = PBXGroup;
			children = (
				00D0F5082B6C4F6A00E3B04B /* messenger.app */,
				00D0F5182B6C4F6C00E3B04B /* messengerTests.xctest */,
				00D0F5222B6C4F6C00E3B04B /* messengerUITests.xctest */,
			);
			name = Products;
			sourceTree = "<group>";
		};
		00D0F50A2B6C4F6A00E3B04B /* messenger */ = {
			isa = PBXGroup;
			children = (
				00D0F50B2B6C4F6A00E3B04B /* messengerApp.swift */,
				00D0F50D2B6C4F6A00E3B04B /* ContentView.swift */,
				00D0F50F2B6C4F6C00E3B04B /* Assets.xcassets */,
				00D0F5112B6C4F6C00E3B04B /* Preview Content */,
			);
			path = messenger;
			sourceTree = "<group>";
		};
		00D0F5112B6C4F6C00E3B04B /* Preview Content */ = {
			isa = PBXGroup;
			children = (
				00D0F5122B6C4F6C00E3B04B /* Preview Assets.xcassets */,
			);
			path = "Preview Content";
			sourceTree = "<group>";
		};
		00D0F51B2B6C4F6C00E3B04B /* messengerTests */ = {
			isa = PBXGroup;
			children = (
				00D0F51C2B6C4F6C00E3B04B /* messengerTests.swift */,
			);
			path = messengerTests;
			sourceTree = "<group>";
		};
		00D0F5252B6C4F6C00E3B04B /* messengerUITests */ = {
			isa = PBXGroup;
			children = (
				00D0F5262B6C4F6C00E3B04B /* messengerUITests.swift */,
				00D0F5282B6C4F6C00E3B04B /* messengerUITestsLaunchTests.swift */,
			);
			path = messengerUITests;
			sourceTree = "<group>";
		};
/* End PBXGroup section */

/* Begin PBXNativeTarget section */
		00D0F5072B6C4F6A00E3B04B /* messenger */ = {
			isa = PBXNativeTarget;
			buildConfigurationList = 00D0F52C2B6C4F6C00E3B04B /* Build configuration list for PBXNativeTarget "messenger" */;
			buildPhases = (
				00D0F5042B6C4F6A00E3B04B /* Sources */,
				00D0F5052B6C4F6A00E3B04B /* Frameworks */,
				00D0F5062B6C4F6A00E3B04B /* Resources */,
			);
			buildRules = (
			);
			dependencies = (
			);
			name = messenger;
			productName = messenger;
			productReference = 00D0F5082B6C4F6A00E3B04B /* messenger.app */;
			productType = "com.apple.product-type.application";
		};
		00D0F5172B6C4F6C00E3B04B /* messengerTests */ = {
			isa = PBXNativeTarget;
			buildConfigurationList = 00D0F52F2B6C4F6C00E3B04B /* Build configuration list for PBXNativeTarget "messengerTests" */;
			buildPhases = (
				00D0F5142B6C4F6C00E3B04B /* Sources */,
				00D0F5152B6C4F6C00E3B04B /* Frameworks */,
				00D0F5162B6C4F6C00E3B04B /* Resources */,
			);
			buildRules = (
			);
			dependencies = (
				00D0F51A2B6C4F6C00E3B04B /* PBXTargetDependency */,
			);
			name = messengerTests;
			productName = messengerTests;
			productReference = 00D0F5182B6C4F6C00E3B04B /* messengerTests.xctest */;
			productType = "com.apple.product-type.bundle.unit-test";
		};
		00D0F5212B6C4F6C00E3B04B /* messengerUITests */ = {
			isa = PBXNativeTarget;
			buildConfigurationList = 00D0F5322B6C4F6C00E3B04B /* Build configuration list for PBXNativeTarget "messengerUITests" */;
			buildPhases = (
				00D0F51E2B6C4F6C00E3B04B /* Sources */,
				00D0F51F2B6C4F6C00E3B04B /* Frameworks */,
				00D0F5202B6C4F6C00E3B04B /* Resources */,
			);
			buildRules = (
			);
			dependencies = (
				00D0F5242B6C4F6C00E3B04B /* PBXTargetDependency */,
			);
			name = messengerUITests;
			productName = messengerUITests;
			productReference = 00D0F5222B6C4F6C00E3B04B /* messengerUITests.xctest */;
			productType = "com.apple.product-type.bundle.ui-testing";
		};
/* End PBXNativeTarget section */

/* Begin PBXProject section */
		00D0F5002B6C4F6A00E3B04B /* Project object */ = {
			isa = PBXProject;
			attributes = {
				BuildIndependentTargetsInParallel = 1;
				LastSwiftUpdateCheck = 1500;
				LastUpgradeCheck = 1500;
				TargetAttributes = {
					00D0F5072B6C4F6A00E3B04B = {
						CreatedOnToolsVersion = 15.0.1;
					};
					00D0F5172B6C4F6C00E3B04B = {
						CreatedOnToolsVersion = 15.0.1;
						TestTargetID = 00D0F5072B6C4F6A00E3B04B;
					};
					00D0F5212B6C4F6C00E3B04B = {
						CreatedOnToolsVersion = 15.0.1;
						TestTargetID = 00D0F5072B6C4F6A00E3B04B;
					};
				};
			};
			buildConfigurationList = 00D0F5032B6C4F6A00E3B04B /* Build configuration list for PBXProject "messenger" */;
			compatibilityVersion = "Xcode 14.0";
			developmentRegion = en;
			hasScannedForEncodings = 0;
			knownRegions = (
				en,
				Base,
			);
			mainGroup = 00D0F4FF2B6C4F6A00E3B04B;
			productRefGroup = 00D0F5092B6C4F6A00E3B04B /* Products */;
			projectDirPath = "";
			projectRoot = "";
			targets = (
				00D0F5072B6C4F6A00E3B04B /* messenger */,
				00D0F5172B6C4F6C00E3B04B /* messengerTests */,
				00D0F5212B6C4F6C00E3B04B /* messengerUITests */,
			);
		};
/* End PBXProject section */

/* Begin PBXResourcesBuildPhase section */
		00D0F5062B6C4F6A00E3B04B /* Resources */ = {
			isa = PBXResourcesBuildPhase;
			buildActionMask = 2147483647;
			files = (
				00D0F5132B6C4F6C00E3B04B /* Preview Assets.xcassets in Resources */,
				00D0F5102B6C4F6C00E3B04B /* Assets.xcassets in Resources */,
			);
			runOnlyForDeploymentPostprocessing = 0;
		};
		00D0F5162B6C4F6C00E3B04B /* Resources */ = {
			isa = PBXResourcesBuildPhase;
			buildActionMask = 2147483647;
			files = (
			);
			runOnlyForDeploymentPostprocessing = 0;
		};
		00D0F5202B6C4F6C00E3B04B /* Resources */ = {
			isa = PBXResourcesBuildPhase;
			buildActionMask = 2147483647;
			files = (
			);
			runOnlyForDeploymentPostprocessing = 0;
		};
/* End PBXResourcesBuildPhase section */

/* Begin PBXSourcesBuildPhase section */
		00D0F5042B6C4F6A00E3B04B /* Sources */ = {
			isa = PBXSourcesBuildPhase;
			buildActionMask = 2147483647;
			files = (
				00D0F50E2B6C4F6A00E3B04B /* ContentView.swift in Sources */,
				00D0F50C2B6C4F6A00E3B04B /* messengerApp.swift in Sources */,
			);
			runOnlyForDeploymentPostprocessing = 0;
		};
		00D0F5142B6C4F6C00E3B04B /* Sources */ = {
			isa = PBXSourcesBuildPhase;
			buildActionMask = 2147483647;
			files = (
				00D0F51D2B6C4F6C00E3B04B /* messengerTests.swift in Sources */,
			);
			runOnlyForDeploymentPostprocessing = 0;
		};
		00D0F51E2B6C4F6C00E3B04B /* Sources */ = {
			isa = PBXSourcesBuildPhase;
			buildActionMask = 2147483647;
			files = (
				00D0F5292B6C4F6C00E3B04B /* messengerUITestsLaunchTests.swift in Sources */,
				00D0F5272B6C4F6C00E3B04B /* messengerUITests.swift in Sources */,
			);
			runOnlyForDeploymentPostprocessing = 0;
		};
/* End PBXSourcesBuildPhase section */

/* Begin PBXTargetDependency section */
		00D0F51A2B6C4F6C00E3B04B /* PBXTargetDependency */ = {
			isa = PBXTargetDependency;
			target = 00D0F5072B6C4F6A00E3B04B /* messenger */;
			targetProxy = 00D0F5192B6C4F6C00E3B04B /* PBXContainerItemProxy */;
		};
		00D0F5242B6C4F6C00E3B04B /* PBXTargetDependency */ = {
			isa = PBXTargetDependency;
			target = 00D0F5072B6C4F6A00E3B04B /* messenger */;
			targetProxy = 00D0F5232B6C4F6C00E3B04B /* PBXContainerItemProxy */;
		};
/* End PBXTargetDependency section */

/* Begin XCBuildConfiguration section */
		00D0F52A2B6C4F6C00E3B04B /* Debug */ = {
			isa = XCBuildConfiguration;
			buildSettings = {
				ALWAYS_SEARCH_USER_PATHS = NO;
				ASSETCATALOG_COMPILER_GENERATE_SWIFT_ASSET_SYMBOL_EXTENSIONS = YES;
				CLANG_ANALYZER_NONNULL = YES;
				CLANG_ANALYZER_NUMBER_OBJECT_CONVERSION = YES_AGGRESSIVE;
				CLANG_CXX_LANGUAGE_STANDARD = "gnu++20";
				CLANG_ENABLE_MODULES = YES;
				CLANG_ENABLE_OBJC_ARC = YES;
				CLANG_ENABLE_OBJC_WEAK = YES;
				CLANG_WARN_BLOCK_CAPTURE_AUTORELEASING = YES;
				CLANG_WARN_BOOL_CONVERSION = YES;
				CLANG_WARN_COMMA = YES;
				CLANG_WARN_CONSTANT_CONVERSION = YES;
				CLANG_WARN_DEPRECATED_OBJC_IMPLEMENTATIONS = YES;
				CLANG_WARN_DIRECT_OBJC_ISA_USAGE = YES_ERROR;
				CLANG_WARN_DOCUMENTATION_COMMENTS = YES;
				CLANG_WARN_EMPTY_BODY = YES;
				CLANG_WARN_ENUM_CONVERSION = YES;
				CLANG_WARN_INFINITE_RECURSION = YES;
				CLANG_WARN_INT_CONVERSION = YES;
				CLANG_WARN_NON_LITERAL_NULL_CONVERSION = YES;
				CLANG_WARN_OBJC_IMPLICIT_RETAIN_SELF = YES;
				CLANG_WARN_OBJC_LITERAL_CONVERSION = YES;
				CLANG_WARN_OBJC_ROOT_CLASS = YES_ERROR;
				CLANG_WARN_QUOTED_INCLUDE_IN_FRAMEWORK_HEADER = YES;
				CLANG_WARN_RANGE_LOOP_ANALYSIS = YES;
				CLANG_WARN_STRICT_PROTOTYPES = YES;
				CLANG_WARN_SUSPICIOUS_MOVE = YES;
				CLANG_WARN_UNGUARDED_AVAILABILITY = YES_AGGRESSIVE;
				CLANG_WARN_UNREACHABLE_CODE = YES;
				CLANG_WARN__DUPLICATE_METHOD_MATCH = YES;
				COPY_PHASE_STRIP = NO;
				DEBUG_INFORMATION_FORMAT = dwarf;
				ENABLE_STRICT_OBJC_MSGSEND = YES;
				ENABLE_TESTABILITY = YES;
				ENABLE_USER_SCRIPT_SANDBOXING = YES;
				GCC_C_LANGUAGE_STANDARD = gnu17;
				GCC_DYNAMIC_NO_PIC = NO;
				GCC_NO_COMMON_BLOCKS = YES;
				GCC_OPTIMIZATION_LEVEL = 0;
				GCC_PREPROCESSOR_DEFINITIONS = (
					"DEBUG=1",
					"$(inherited)",
				);
				GCC_WARN_64_TO_32_BIT_CONVERSION = YES;
				GCC_WARN_ABOUT_RETURN_TYPE = YES_ERROR;
				GCC_WARN_UNDECLARED_SELECTOR = YES;
				GCC_WARN_UNINITIALIZED_AUTOS = YES_AGGRESSIVE;
				GCC_WARN_UNUSED_FUNCTION = YES;
				GCC_WARN_UNUSED_VARIABLE = YES;
				IPHONEOS_DEPLOYMENT_TARGET = 17.0;
				LOCALIZATION_PREFERS_STRING_CATALOGS = YES;
				MTL_ENABLE_DEBUG_INFO = INCLUDE_SOURCE;
				MTL_FAST_MATH = YES;
				ONLY_ACTIVE_ARCH = YES;
				SDKROOT = iphoneos;
				SWIFT_ACTIVE_COMPILATION_CONDITIONS = "DEBUG $(inherited)";
				SWIFT_OPTIMIZATION_LEVEL = "-Onone";
			};
			name = Debug;
		};
		00D0F52B2B6C4F6C00E3B04B /* Release */ = {
			isa = XCBuildConfiguration;
			buildSettings = {
				ALWAYS_SEARCH_USER_PATHS = NO;
				ASSETCATALOG_COMPILER_GENERATE_SWIFT_ASSET_SYMBOL_EXTENSIONS = YES;
				CLANG_ANALYZER_NONNULL = YES;
				CLANG_ANALYZER_NUMBER_OBJECT_CONVERSION = YES_AGGRESSIVE;
				CLANG_CXX_LANGUAGE_STANDARD = "gnu++20";
				CLANG_ENABLE_MODULES = YES;
				CLANG_ENABLE_OBJC_ARC = YES;
				CLANG_ENABLE_OBJC_WEAK = YES;
				CLANG_WARN_BLOCK_CAPTURE_AUTORELEASING = YES;
				CLANG_WARN_BOOL_CONVERSION = YES;
				CLANG_WARN_COMMA = YES;
				CLANG_WARN_CONSTANT_CONVERSION = YES;
				CLANG_WARN_DEPRECATED_OBJC_IMPLEMENTATIONS = YES;
				CLANG_WARN_DIRECT_OBJC_ISA_USAGE = YES_ERROR;
				CLANG_WARN_DOCUMENTATION_COMMENTS = YES;
				CLANG_WARN_EMPTY_BODY = YES;
				CLANG_WARN_ENUM_CONVERSION = YES;
				CLANG_WARN_INFINITE_RECURSION = YES;
				CLANG_WARN_INT_CONVERSION = YES;
				CLANG_WARN_NON_LITERAL_NULL_CONVERSION = YES;
				CLANG_WARN_OBJC_IMPLICIT_RETAIN_SELF = YES;
				CLANG_WARN_OBJC_LITERAL_CONVERSION = YES;
				CLANG_WARN_OBJC_ROOT_CLASS = YES_ERROR;
				CLANG_WARN_QUOTED_INCLUDE_IN_FRAMEWORK_HEADER = YES;
				CLANG_WARN_RANGE_LOOP_ANALYSIS = YES;
				CLANG_WARN_STRICT_PROTOTYPES = YES;
				CLANG_WARN_SUSPICIOUS_MOVE = YES;
				CLANG_WARN_UNGUARDED_AVAILABILITY = YES_AGGRESSIVE;
				CLANG_WARN_UNREACHABLE_CODE = YES;
				CLANG_WARN__DUPLICATE_METHOD_MATCH = YES;
				COPY_PHASE_STRIP = NO;
				DEBUG_INFORMATION_FORMAT = "dwarf-with-dsym";
				ENABLE_NS_ASSERTIONS = NO;
				ENABLE_STRICT_OBJC_MSGSEND = YES;
				ENABLE_USER_SCRIPT_SANDBOXING = YES;
				GCC_C_LANGUAGE_STANDARD = gnu17;
				GCC_NO_COMMON_BLOCKS = YES;
				GCC_WARN_64_TO_32_BIT_CONVERSION = YES;
				GCC_WARN_ABOUT_RETURN_TYPE = YES_ERROR;
				GCC_WARN_UNDECLARED_SELECTOR = YES;
				GCC_WARN_UNINITIALIZED_AUTOS = YES_AGGRESSIVE;
				GCC_WARN_UNUSED_FUNCTION = YES;
				GCC_WARN_UNUSED_VARIABLE = YES;
				IPHONEOS_DEPLOYMENT_TARGET = 17.0;
				LOCALIZATION_PREFERS_STRING_CATALOGS = YES;
				MTL_ENABLE_DEBUG_INFO = NO;
				MTL_FAST_MATH = YES;
				SDKROOT = iphoneos;
				SWIFT_COMPILATION_MODE = wholemodule;
				VALIDATE_PRODUCT = YES;
			};
			name = Release;
		};
		00D0F52D2B6C4F6C00E3B04B /* Debug */ = {
			isa = XCBuildConfiguration;
			buildSettings = {
				ASSETCATALOG_COMPILER_APPICON_NAME = AppIcon;
				ASSETCATALOG_COMPILER_GLOBAL_ACCENT_COLOR_NAME = AccentColor;
				CODE_SIGN_STYLE = Automatic;
				CURRENT_PROJECT_VERSION = 1;
				DEVELOPMENT_ASSET_PATHS = "\"messenger/Preview Content\"";
				ENABLE_PREVIEWS = YES;
				GENERATE_INFOPLIST_FILE = YES;
				INFOPLIST_KEY_UIApplicationSceneManifest_Generation = YES;
				INFOPLIST_KEY_UIApplicationSupportsIndirectInputEvents = YES;
				INFOPLIST_KEY_UILaunchScreen_Generation = YES;
				INFOPLIST_KEY_UISupportedInterfaceOrientations_iPad = "UIInterfaceOrientationPortrait UIInterfaceOrientationPortraitUpsideDown UIInterfaceOrientationLandscapeLeft UIInterfaceOrientationLandscapeRight";
				INFOPLIST_KEY_UISupportedInterfaceOrientations_iPhone = "UIInterfaceOrientationPortrait UIInterfaceOrientationLandscapeLeft UIInterfaceOrientationLandscapeRight";
				LD_RUNPATH_SEARCH_PATHS = (
					"$(inherited)",
					"@executable_path/Frameworks",
				);
				MARKETING_VERSION = 1.0;
				PRODUCT_BUNDLE_IDENTIFIER = "SwiftUI-course.messenger";
				PRODUCT_NAME = "$(TARGET_NAME)";
				SWIFT_EMIT_LOC_STRINGS = YES;
				SWIFT_VERSION = 5.0;
				TARGETED_DEVICE_FAMILY = "1,2";
			};
			name = Debug;
		};
		00D0F52E2B6C4F6C00E3B04B /* Release */ = {
			isa = XCBuildConfiguration;
			buildSettings = {
				ASSETCATALOG_COMPILER_APPICON_NAME = AppIcon;
				ASSETCATALOG_COMPILER_GLOBAL_ACCENT_COLOR_NAME = AccentColor;
				CODE_SIGN_STYLE = Automatic;
				CURRENT_PROJECT_VERSION = 1;
				DEVELOPMENT_ASSET_PATHS = "\"messenger/Preview Content\"";
				ENABLE_PREVIEWS = YES;
				GENERATE_INFOPLIST_FILE = YES;
				INFOPLIST_KEY_UIApplicationSceneManifest_Generation = YES;
				INFOPLIST_KEY_UIApplicationSupportsIndirectInputEvents = YES;
				INFOPLIST_KEY_UILaunchScreen_Generation = YES;
				INFOPLIST_KEY_UISupportedInterfaceOrientations_iPad = "UIInterfaceOrientationPortrait UIInterfaceOrientationPortraitUpsideDown UIInterfaceOrientationLandscapeLeft UIInterfaceOrientationLandscapeRight";
				INFOPLIST_KEY_UISupportedInterfaceOrientations_iPhone = "UIInterfaceOrientationPortrait UIInterfaceOrientationLandscapeLeft UIInterfaceOrientationLandscapeRight";
				LD_RUNPATH_SEARCH_PATHS = (
					"$(inherited)",
					"@executable_path/Frameworks",
				);
				MARKETING_VERSION = 1.0;
				PRODUCT_BUNDLE_IDENTIFIER = "SwiftUI-course.messenger";
				PRODUCT_NAME = "$(TARGET_NAME)";
				SWIFT_EMIT_LOC_STRINGS = YES;
				SWIFT_VERSION = 5.0;
				TARGETED_DEVICE_FAMILY = "1,2";
			};
			name = Release;
		};
		00D0F5302B6C4F6C00E3B04B /* Debug */ = {
			isa = XCBuildConfiguration;
			buildSettings = {
				ALWAYS_EMBED_SWIFT_STANDARD_LIBRARIES = YES;
				BUNDLE_LOADER = "$(TEST_HOST)";
				CODE_SIGN_STYLE = Automatic;
				CURRENT_PROJECT_VERSION = 1;
				GENERATE_INFOPLIST_FILE = YES;
				IPHONEOS_DEPLOYMENT_TARGET = 17.0;
				MARKETING_VERSION = 1.0;
				PRODUCT_BUNDLE_IDENTIFIER = "SwiftUI-course.messengerTests";
				PRODUCT_NAME = "$(TARGET_NAME)";
				SWIFT_EMIT_LOC_STRINGS = NO;
				SWIFT_VERSION = 5.0;
				TARGETED_DEVICE_FAMILY = "1,2";
				TEST_HOST = "$(BUILT_PRODUCTS_DIR)/messenger.app/$(BUNDLE_EXECUTABLE_FOLDER_PATH)/messenger";
			};
			name = Debug;
		};
		00D0F5312B6C4F6C00E3B04B /* Release */ = {
			isa = XCBuildConfiguration;
			buildSettings = {
				ALWAYS_EMBED_SWIFT_STANDARD_LIBRARIES = YES;
				BUNDLE_LOADER = "$(TEST_HOST)";
				CODE_SIGN_STYLE = Automatic;
				CURRENT_PROJECT_VERSION = 1;
				GENERATE_INFOPLIST_FILE = YES;
				IPHONEOS_DEPLOYMENT_TARGET = 17.0;
				MARKETING_VERSION = 1.0;
				PRODUCT_BUNDLE_IDENTIFIER = "SwiftUI-course.messengerTests";
				PRODUCT_NAME = "$(TARGET_NAME)";
				SWIFT_EMIT_LOC_STRINGS = NO;
				SWIFT_VERSION = 5.0;
				TARGETED_DEVICE_FAMILY = "1,2";
				TEST_HOST = "$(BUILT_PRODUCTS_DIR)/messenger.app/$(BUNDLE_EXECUTABLE_FOLDER_PATH)/messenger";
			};
			name = Release;
		};
		00D0F5332B6C4F6C00E3B04B /* Debug */ = {
			isa = XCBuildConfiguration;
			buildSettings = {
				ALWAYS_EMBED_SWIFT_STANDARD_LIBRARIES = YES;
				CODE_SIGN_STYLE = Automatic;
				CURRENT_PROJECT_VERSION = 1;
				GENERATE_INFOPLIST_FILE = YES;
				MARKETING_VERSION = 1.0;
				PRODUCT_BUNDLE_IDENTIFIER = "SwiftUI-course.messengerUITests";
				PRODUCT_NAME = "$(TARGET_NAME)";
				SWIFT_EMIT_LOC_STRINGS = NO;
				SWIFT_VERSION = 5.0;
				TARGETED_DEVICE_FAMILY = "1,2";
				TEST_TARGET_NAME = messenger;
			};
			name = Debug;
		};
		00D0F5342B6C4F6C00E3B04B /* Release */ = {
			isa = XCBuildConfiguration;
			buildSettings = {
				ALWAYS_EMBED_SWIFT_STANDARD_LIBRARIES = YES;
				CODE_SIGN_STYLE = Automatic;
				CURRENT_PROJECT_VERSION = 1;
				GENERATE_INFOPLIST_FILE = YES;
				MARKETING_VERSION = 1.0;
				PRODUCT_BUNDLE_IDENTIFIER = "SwiftUI-course.messengerUITests";
				PRODUCT_NAME = "$(TARGET_NAME)";
				SWIFT_EMIT_LOC_STRINGS = NO;
				SWIFT_VERSION = 5.0;
				TARGETED_DEVICE_FAMILY = "1,2";
				TEST_TARGET_NAME = messenger;
			};
			name = Release;
		};
/* End XCBuildConfiguration section */

/* Begin XCConfigurationList section */
		00D0F5032B6C4F6A00E3B04B /* Build configuration list for PBXProject "messenger" */ = {
			isa = XCConfigurationList;
			buildConfigurations = (
				00D0F52A2B6C4F6C00E3B04B /* Debug */,
				00D0F52B2B6C4F6C00E3B04B /* Release */,
			);
			defaultConfigurationIsVisible = 0;
			defaultConfigurationName = Release;
		};
		00D0F52C2B6C4F6C00E3B04B /* Build configuration list for PBXNativeTarget "messenger" */ = {
			isa = XCConfigurationList;
			buildConfigurations = (
				00D0F52D2B6C4F6C00E3B04B /* Debug */,
				00D0F52E2B6C4F6C00E3B04B /* Release */,
			);
			defaultConfigurationIsVisible = 0;
			defaultConfigurationName = Release;
		};
		00D0F52F2B6C4F6C00E3B04B /* Build configuration list for PBXNativeTarget "messengerTests" */ = {
			isa = XCConfigurationList;
			buildConfigurations = (
				00D0F5302B6C4F6C00E3B04B /* Debug */,
				00D0F5312B6C4F6C00E3B04B /* Release */,
			);
			defaultConfigurationIsVisible = 0;
			defaultConfigurationName = Release;
		};
		00D0F5322B6C4F6C00E3B04B /* Build configuration list for PBXNativeTarget "messengerUITests" */ = {
			isa = XCConfigurationList;
			buildConfigurations = (
				00D0F5332B6C4F6C00E3B04B /* Debug */,
				00D0F5342B6C4F6C00E3B04B /* Release */,
			);
			defaultConfigurationIsVisible = 0;
			defaultConfigurationName = Release;
		};
/* End XCConfigurationList section */
	};
	rootObject = 00D0F5002B6C4F6A00E3B04B /* Project object */;
}
